
Microsoft Visual Studio Solution File, Format Version 12.00
# Visual Studio Version 18
VisualStudioVersion = 18.4.11605.240 stable
MinimumVisualStudioVersion = 10.0.40219.1
Project("{FAE04EC0-301F-11D3-BF4B-00C04F79EFBC}") = "NetFix", "NetFix.csproj", "{65B277D8-D082-5EE5-A355-CA00026A6535}"
EndProject
Global
	GlobalSection(SolutionConfigurationPlatforms) = preSolution
		Debug|x64 = Debug|x64
		Release|x64 = Release|x64
	EndGlobalSection
	GlobalSection(ProjectConfigurationPlatforms) = postSolution
		{65B277D8-D082-5EE5-A355-CA00026A6535}.Debug|x64.ActiveCfg = Debug|x64
		{65B277D8-D082-5EE5-A355-CA00026A6535}.Debug|x64.Build.0 = Debug|x64
		{65B277D8-D082-5EE5-A355-CA00026A6535}.Release|x64.ActiveCfg = Release|x64
		{65B277D8-D082-5EE5-A355-CA00026A6535}.Release|x64.Build.0 = Release|x64
	EndGlobalSection
	GlobalSection(SolutionProperties) = preSolution
		HideSolutionNode = FALSE
	EndGlobalSection
	GlobalSection(ExtensibilityGlobals) = postSolution
		SolutionGuid = {8793CE6E-4405-4C15-A21F-8703B1B92AD9}
	EndGlobalSection
EndGlobal
